// !$*UTF8*$!
{
	archiveVersion = 1;
	classes = {
	};
	objectVersion = 50;
	objects = {

/* Begin PBXBuildFile section */
		F5799E5324158B8F00A07563 /* AppDelegate.swift in Sources */ = {isa = PBXBuildFile; fileRef = F5799E5224158B8F00A07563 /* AppDelegate.swift */; };
		F5799E5524158B8F00A07563 /* SceneDelegate.swift in Sources */ = {isa = PBXBuildFile; fileRef = F5799E5424158B8F00A07563 /* SceneDelegate.swift */; };
		F5799E5C24158B9000A07563 /* Assets.xcassets in Resources */ = {isa = PBXBuildFile; fileRef = F5799E5B24158B9000A07563 /* Assets.xcassets */; };
		F5799E5F24158B9000A07563 /* LaunchScreen.storyboard in Resources */ = {isa = PBXBuildFile; fileRef = F5799E5D24158B9000A07563 /* LaunchScreen.storyboard */; };
		F5799E6A24158B9000A07563 /* MarvelFlutterTests.swift in Sources */ = {isa = PBXBuildFile; fileRef = F5799E6924158B9000A07563 /* MarvelFlutterTests.swift */; };
		F5799E7B2415903600A07563 /* AppCoordinator.swift in Sources */ = {isa = PBXBuildFile; fileRef = F5799E7A2415903600A07563 /* AppCoordinator.swift */; };
		F5799E7E241591E800A07563 /* ComicsListViewController.swift in Sources */ = {isa = PBXBuildFile; fileRef = F5799E7C241591E800A07563 /* ComicsListViewController.swift */; };
		F5799E7F241591E800A07563 /* ComicsListViewController.xib in Resources */ = {isa = PBXBuildFile; fileRef = F5799E7D241591E800A07563 /* ComicsListViewController.xib */; };
		F5799E8E24159F4B00A07563 /* ComicsListViewModel.swift in Sources */ = {isa = PBXBuildFile; fileRef = F5799E8D24159F4B00A07563 /* ComicsListViewModel.swift */; };
		F5799E922415A3C800A07563 /* ComicsDetailsViewController.swift in Sources */ = {isa = PBXBuildFile; fileRef = F5799E902415A3C800A07563 /* ComicsDetailsViewController.swift */; };
		F5799E932415A3C800A07563 /* ComicsDetailsViewController.xib in Resources */ = {isa = PBXBuildFile; fileRef = F5799E912415A3C800A07563 /* ComicsDetailsViewController.xib */; };
		F5799E952415D6C800A07563 /* API.swift in Sources */ = {isa = PBXBuildFile; fileRef = F5799E942415D6C800A07563 /* API.swift */; };
		F5799E9B2418578800A07563 /* CryptoHelper.swift in Sources */ = {isa = PBXBuildFile; fileRef = F5799E9A2418578800A07563 /* CryptoHelper.swift */; };
		F58ED92D2422D72E0012AEEF /* ComicsModel.swift in Sources */ = {isa = PBXBuildFile; fileRef = F58ED92C2422D72E0012AEEF /* ComicsModel.swift */; };
		F5B4AFD3242D6D8000652166 /* UIViewController+Extensions.swift in Sources */ = {isa = PBXBuildFile; fileRef = F5B4AFD2242D6D8000652166 /* UIViewController+Extensions.swift */; };
		F5B4AFD6242F873E00652166 /* ComicsDetailsTableViewCell.swift in Sources */ = {isa = PBXBuildFile; fileRef = F5B4AFD4242F873E00652166 /* ComicsDetailsTableViewCell.swift */; };
		F5B4AFD7242F873E00652166 /* ComicsDetailsTableViewCell.xib in Resources */ = {isa = PBXBuildFile; fileRef = F5B4AFD5242F873E00652166 /* ComicsDetailsTableViewCell.xib */; };
		F5B4AFD9242FCC8C00652166 /* ComicsDetailsTableViewCellViewModel.swift in Sources */ = {isa = PBXBuildFile; fileRef = F5B4AFD8242FCC8C00652166 /* ComicsDetailsTableViewCellViewModel.swift */; };
		F5B4AFE32431678F00652166 /* ComicsTabCoordinator.swift in Sources */ = {isa = PBXBuildFile; fileRef = F5B4AFE22431678F00652166 /* ComicsTabCoordinator.swift */; };
		F5B4AFE5243167B600652166 /* CharactersTabCoordinator.swift in Sources */ = {isa = PBXBuildFile; fileRef = F5B4AFE4243167B600652166 /* CharactersTabCoordinator.swift */; };
		F5B4AFE724316FB400652166 /* SettingsTabCoordinator.swift in Sources */ = {isa = PBXBuildFile; fileRef = F5B4AFE624316FB400652166 /* SettingsTabCoordinator.swift */; };
		F5B4AFEB2431793500652166 /* CharactersListViewModel.swift in Sources */ = {isa = PBXBuildFile; fileRef = F5B4AFEA2431793500652166 /* CharactersListViewModel.swift */; };
		F5B4AFED2431796200652166 /* CharactersModel.swift in Sources */ = {isa = PBXBuildFile; fileRef = F5B4AFEC2431796200652166 /* CharactersModel.swift */; };
		F5B4AFF024317EB300652166 /* CharactersListViewController.swift in Sources */ = {isa = PBXBuildFile; fileRef = F5B4AFEE24317EB300652166 /* CharactersListViewController.swift */; };
		F5B4AFF124317EB300652166 /* CharactersListViewController.xib in Resources */ = {isa = PBXBuildFile; fileRef = F5B4AFEF24317EB300652166 /* CharactersListViewController.xib */; };
		F5B4AFF424318EE000652166 /* CharactersListTableViewCell.swift in Sources */ = {isa = PBXBuildFile; fileRef = F5B4AFF224318EE000652166 /* CharactersListTableViewCell.swift */; };
		F5B4AFF524318EE000652166 /* CharactersListTableViewCell.xib in Resources */ = {isa = PBXBuildFile; fileRef = F5B4AFF324318EE000652166 /* CharactersListTableViewCell.xib */; };
		F5B4AFF72431914B00652166 /* CharactersListCellViewModel.swift in Sources */ = {isa = PBXBuildFile; fileRef = F5B4AFF62431914B00652166 /* CharactersListCellViewModel.swift */; };
		F5B4AFFE2431965400652166 /* CharactersDetailsViewController.swift in Sources */ = {isa = PBXBuildFile; fileRef = F5B4AFFC2431965400652166 /* CharactersDetailsViewController.swift */; };
		F5B4AFFF2431965400652166 /* CharactersDetailsViewController.xib in Resources */ = {isa = PBXBuildFile; fileRef = F5B4AFFD2431965400652166 /* CharactersDetailsViewController.xib */; };
		F5B4B001243196E400652166 /* CharactersDetailsViewModel.swift in Sources */ = {isa = PBXBuildFile; fileRef = F5B4B000243196E400652166 /* CharactersDetailsViewModel.swift */; };
		F5B4B0082432257200652166 /* SettingsViewController.swift in Sources */ = {isa = PBXBuildFile; fileRef = F5B4B0062432257200652166 /* SettingsViewController.swift */; };
		F5B4B0092432257200652166 /* SettingsViewController.xib in Resources */ = {isa = PBXBuildFile; fileRef = F5B4B0072432257200652166 /* SettingsViewController.xib */; };
		F5D3D01A2426BE2B00AE0A34 /* ComicsDetailsViewModel.swift in Sources */ = {isa = PBXBuildFile; fileRef = F5D3D0192426BE2B00AE0A34 /* ComicsDetailsViewModel.swift */; };
/* End PBXBuildFile section */

/* Begin PBXContainerItemProxy section */
		F5799E6624158B9000A07563 /* PBXContainerItemProxy */ = {
			isa = PBXContainerItemProxy;
			containerPortal = F5799E4724158B8F00A07563 /* Project object */;
			proxyType = 1;
			remoteGlobalIDString = F5799E4E24158B8F00A07563;
			remoteInfo = MarvelFlutter;
		};
/* End PBXContainerItemProxy section */

/* Begin PBXFileReference section */
		F5799E4F24158B8F00A07563 /* MarvelFlutter.app */ = {isa = PBXFileReference; explicitFileType = wrapper.application; includeInIndex = 0; path = MarvelFlutter.app; sourceTree = BUILT_PRODUCTS_DIR; };
		F5799E5224158B8F00A07563 /* AppDelegate.swift */ = {isa = PBXFileReference; lastKnownFileType = sourcecode.swift; path = AppDelegate.swift; sourceTree = "<group>"; };
		F5799E5424158B8F00A07563 /* SceneDelegate.swift */ = {isa = PBXFileReference; lastKnownFileType = sourcecode.swift; path = SceneDelegate.swift; sourceTree = "<group>"; };
		F5799E5B24158B9000A07563 /* Assets.xcassets */ = {isa = PBXFileReference; lastKnownFileType = folder.assetcatalog; path = Assets.xcassets; sourceTree = "<group>"; };
		F5799E5E24158B9000A07563 /* Base */ = {isa = PBXFileReference; lastKnownFileType = file.storyboard; name = Base; path = Base.lproj/LaunchScreen.storyboard; sourceTree = "<group>"; };
		F5799E6024158B9000A07563 /* Info.plist */ = {isa = PBXFileReference; lastKnownFileType = text.plist.xml; path = Info.plist; sourceTree = "<group>"; };
		F5799E6524158B9000A07563 /* MarvelFlutterTests.xctest */ = {isa = PBXFileReference; explicitFileType = wrapper.cfbundle; includeInIndex = 0; path = MarvelFlutterTests.xctest; sourceTree = BUILT_PRODUCTS_DIR; };
		F5799E6924158B9000A07563 /* MarvelFlutterTests.swift */ = {isa = PBXFileReference; lastKnownFileType = sourcecode.swift; path = MarvelFlutterTests.swift; sourceTree = "<group>"; };
		F5799E6B24158B9000A07563 /* Info.plist */ = {isa = PBXFileReference; lastKnownFileType = text.plist.xml; path = Info.plist; sourceTree = "<group>"; };
		F5799E7A2415903600A07563 /* AppCoordinator.swift */ = {isa = PBXFileReference; lastKnownFileType = sourcecode.swift; path = AppCoordinator.swift; sourceTree = "<group>"; };
		F5799E7C241591E800A07563 /* ComicsListViewController.swift */ = {isa = PBXFileReference; lastKnownFileType = sourcecode.swift; path = ComicsListViewController.swift; sourceTree = "<group>"; };
		F5799E7D241591E800A07563 /* ComicsListViewController.xib */ = {isa = PBXFileReference; lastKnownFileType = file.xib; path = ComicsListViewController.xib; sourceTree = "<group>"; };
		F5799E8D24159F4B00A07563 /* ComicsListViewModel.swift */ = {isa = PBXFileReference; lastKnownFileType = sourcecode.swift; path = ComicsListViewModel.swift; sourceTree = "<group>"; };
		F5799E902415A3C800A07563 /* ComicsDetailsViewController.swift */ = {isa = PBXFileReference; lastKnownFileType = sourcecode.swift; path = ComicsDetailsViewController.swift; sourceTree = "<group>"; };
		F5799E912415A3C800A07563 /* ComicsDetailsViewController.xib */ = {isa = PBXFileReference; lastKnownFileType = file.xib; path = ComicsDetailsViewController.xib; sourceTree = "<group>"; };
		F5799E942415D6C800A07563 /* API.swift */ = {isa = PBXFileReference; lastKnownFileType = sourcecode.swift; path = API.swift; sourceTree = "<group>"; };
		F5799E9A2418578800A07563 /* CryptoHelper.swift */ = {isa = PBXFileReference; lastKnownFileType = sourcecode.swift; path = CryptoHelper.swift; sourceTree = "<group>"; };
		F58ED92C2422D72E0012AEEF /* ComicsModel.swift */ = {isa = PBXFileReference; lastKnownFileType = sourcecode.swift; path = ComicsModel.swift; sourceTree = "<group>"; };
		F5B4AFD2242D6D8000652166 /* UIViewController+Extensions.swift */ = {isa = PBXFileReference; lastKnownFileType = sourcecode.swift; path = "UIViewController+Extensions.swift"; sourceTree = "<group>"; };
		F5B4AFD4242F873E00652166 /* ComicsDetailsTableViewCell.swift */ = {isa = PBXFileReference; lastKnownFileType = sourcecode.swift; path = ComicsDetailsTableViewCell.swift; sourceTree = "<group>"; };
		F5B4AFD5242F873E00652166 /* ComicsDetailsTableViewCell.xib */ = {isa = PBXFileReference; lastKnownFileType = file.xib; path = ComicsDetailsTableViewCell.xib; sourceTree = "<group>"; };
		F5B4AFD8242FCC8C00652166 /* ComicsDetailsTableViewCellViewModel.swift */ = {isa = PBXFileReference; lastKnownFileType = sourcecode.swift; path = ComicsDetailsTableViewCellViewModel.swift; sourceTree = "<group>"; };
		F5B4AFE22431678F00652166 /* ComicsTabCoordinator.swift */ = {isa = PBXFileReference; lastKnownFileType = sourcecode.swift; path = ComicsTabCoordinator.swift; sourceTree = "<group>"; };
		F5B4AFE4243167B600652166 /* CharactersTabCoordinator.swift */ = {isa = PBXFileReference; lastKnownFileType = sourcecode.swift; path = CharactersTabCoordinator.swift; sourceTree = "<group>"; };
		F5B4AFE624316FB400652166 /* SettingsTabCoordinator.swift */ = {isa = PBXFileReference; lastKnownFileType = sourcecode.swift; path = SettingsTabCoordinator.swift; sourceTree = "<group>"; };
		F5B4AFEA2431793500652166 /* CharactersListViewModel.swift */ = {isa = PBXFileReference; lastKnownFileType = sourcecode.swift; path = CharactersListViewModel.swift; sourceTree = "<group>"; };
		F5B4AFEC2431796200652166 /* CharactersModel.swift */ = {isa = PBXFileReference; lastKnownFileType = sourcecode.swift; path = CharactersModel.swift; sourceTree = "<group>"; };
		F5B4AFEE24317EB300652166 /* CharactersListViewController.swift */ = {isa = PBXFileReference; lastKnownFileType = sourcecode.swift; path = CharactersListViewController.swift; sourceTree = "<group>"; };
		F5B4AFEF24317EB300652166 /* CharactersListViewController.xib */ = {isa = PBXFileReference; lastKnownFileType = file.xib; path = CharactersListViewController.xib; sourceTree = "<group>"; };
		F5B4AFF224318EE000652166 /* CharactersListTableViewCell.swift */ = {isa = PBXFileReference; lastKnownFileType = sourcecode.swift; path = CharactersListTableViewCell.swift; sourceTree = "<group>"; };
		F5B4AFF324318EE000652166 /* CharactersListTableViewCell.xib */ = {isa = PBXFileReference; lastKnownFileType = file.xib; path = CharactersListTableViewCell.xib; sourceTree = "<group>"; };
		F5B4AFF62431914B00652166 /* CharactersListCellViewModel.swift */ = {isa = PBXFileReference; lastKnownFileType = sourcecode.swift; path = CharactersListCellViewModel.swift; sourceTree = "<group>"; };
		F5B4AFFC2431965400652166 /* CharactersDetailsViewController.swift */ = {isa = PBXFileReference; lastKnownFileType = sourcecode.swift; path = CharactersDetailsViewController.swift; sourceTree = "<group>"; };
		F5B4AFFD2431965400652166 /* CharactersDetailsViewController.xib */ = {isa = PBXFileReference; lastKnownFileType = file.xib; path = CharactersDetailsViewController.xib; sourceTree = "<group>"; };
		F5B4B000243196E400652166 /* CharactersDetailsViewModel.swift */ = {isa = PBXFileReference; lastKnownFileType = sourcecode.swift; path = CharactersDetailsViewModel.swift; sourceTree = "<group>"; };
		F5B4B0062432257200652166 /* SettingsViewController.swift */ = {isa = PBXFileReference; lastKnownFileType = sourcecode.swift; path = SettingsViewController.swift; sourceTree = "<group>"; };
		F5B4B0072432257200652166 /* SettingsViewController.xib */ = {isa = PBXFileReference; lastKnownFileType = file.xib; path = SettingsViewController.xib; sourceTree = "<group>"; };
		F5D3D0192426BE2B00AE0A34 /* ComicsDetailsViewModel.swift */ = {isa = PBXFileReference; lastKnownFileType = sourcecode.swift; path = ComicsDetailsViewModel.swift; sourceTree = "<group>"; };
/* End PBXFileReference section */

/* Begin PBXFrameworksBuildPhase section */
		F5799E4C24158B8F00A07563 /* Frameworks */ = {
			isa = PBXFrameworksBuildPhase;
			buildActionMask = 2147483647;
			files = (
			);
			runOnlyForDeploymentPostprocessing = 0;
		};
		F5799E6224158B9000A07563 /* Frameworks */ = {
			isa = PBXFrameworksBuildPhase;
			buildActionMask = 2147483647;
			files = (
			);
			runOnlyForDeploymentPostprocessing = 0;
		};
/* End PBXFrameworksBuildPhase section */

/* Begin PBXGroup section */
		F5799E4624158B8F00A07563 = {
			isa = PBXGroup;
			children = (
				F5799E5124158B8F00A07563 /* MarvelFlutter */,
				F5799E6824158B9000A07563 /* MarvelFlutterTests */,
				F5799E5024158B8F00A07563 /* Products */,
			);
			sourceTree = "<group>";
		};
		F5799E5024158B8F00A07563 /* Products */ = {
			isa = PBXGroup;
			children = (
				F5799E4F24158B8F00A07563 /* MarvelFlutter.app */,
				F5799E6524158B9000A07563 /* MarvelFlutterTests.xctest */,
			);
			name = Products;
			sourceTree = "<group>";
		};
		F5799E5124158B8F00A07563 /* MarvelFlutter */ = {
			isa = PBXGroup;
			children = (
				F5E1880B2428043E00FDAAF8 /* Supporting Files */,
				F5B4AFE82431715D00652166 /* Characters */,
				F5799E80241591F600A07563 /* Comics */,
				F5B4AFE92431716700652166 /* Settings */,
				F5E18809242803D800FDAAF8 /* Network */,
				F5799E9C2418595700A07563 /* Utils */,
			);
			path = MarvelFlutter;
			sourceTree = "<group>";
		};
		F5799E6824158B9000A07563 /* MarvelFlutterTests */ = {
			isa = PBXGroup;
			children = (
				F5799E6924158B9000A07563 /* MarvelFlutterTests.swift */,
				F5799E6B24158B9000A07563 /* Info.plist */,
			);
			path = MarvelFlutterTests;
			sourceTree = "<group>";
		};
		F5799E80241591F600A07563 /* Comics */ = {
			isa = PBXGroup;
			children = (
				F5B4AFE22431678F00652166 /* ComicsTabCoordinator.swift */,
				F5799E962415D70900A07563 /* Models */,
				F5799E812415920F00A07563 /* Views */,
				F5799E8F24159F6F00A07563 /* ViewModels */,
			);
			path = Comics;
			sourceTree = "<group>";
		};
		F5799E812415920F00A07563 /* Views */ = {
			isa = PBXGroup;
			children = (
				F5799E7C241591E800A07563 /* ComicsListViewController.swift */,
				F5799E7D241591E800A07563 /* ComicsListViewController.xib */,
				F5799E902415A3C800A07563 /* ComicsDetailsViewController.swift */,
				F5799E912415A3C800A07563 /* ComicsDetailsViewController.xib */,
				F5B4AFD4242F873E00652166 /* ComicsDetailsTableViewCell.swift */,
				F5B4AFD5242F873E00652166 /* ComicsDetailsTableViewCell.xib */,
			);
			path = Views;
			sourceTree = "<group>";
		};
		F5799E8F24159F6F00A07563 /* ViewModels */ = {
			isa = PBXGroup;
			children = (
				F5799E8D24159F4B00A07563 /* ComicsListViewModel.swift */,
				F5D3D0192426BE2B00AE0A34 /* ComicsDetailsViewModel.swift */,
				F5B4AFD8242FCC8C00652166 /* ComicsDetailsTableViewCellViewModel.swift */,
			);
			path = ViewModels;
			sourceTree = "<group>";
		};
		F5799E962415D70900A07563 /* Models */ = {
			isa = PBXGroup;
			children = (
				F58ED92C2422D72E0012AEEF /* ComicsModel.swift */,
			);
			path = Models;
			sourceTree = "<group>";
		};
		F5799E9C2418595700A07563 /* Utils */ = {
			isa = PBXGroup;
			children = (
				F5799E9A2418578800A07563 /* CryptoHelper.swift */,
				F5B4AFD2242D6D8000652166 /* UIViewController+Extensions.swift */,
			);
			path = Utils;
			sourceTree = "<group>";
		};
		F5B4AFE82431715D00652166 /* Characters */ = {
			isa = PBXGroup;
			children = (
				F5B4AFF8243195F700652166 /* Coordinator */,
				F5B4AFF92431960A00652166 /* ViewModels */,
				F5B4AFFA2431961900652166 /* Models */,
				F5B4AFFB2431962200652166 /* Views */,
			);
			path = Characters;
			sourceTree = "<group>";
		};
		F5B4AFE92431716700652166 /* Settings */ = {
			isa = PBXGroup;
			children = (
				F5B4AFE624316FB400652166 /* SettingsTabCoordinator.swift */,
				F5B4B0062432257200652166 /* SettingsViewController.swift */,
				F5B4B0072432257200652166 /* SettingsViewController.xib */,
			);
			path = Settings;
			sourceTree = "<group>";
		};
		F5B4AFF8243195F700652166 /* Coordinator */ = {
			isa = PBXGroup;
			children = (
				F5B4AFE4243167B600652166 /* CharactersTabCoordinator.swift */,
			);
			path = Coordinator;
			sourceTree = "<group>";
		};
		F5B4AFF92431960A00652166 /* ViewModels */ = {
			isa = PBXGroup;
			children = (
				F5B4AFEA2431793500652166 /* CharactersListViewModel.swift */,
				F5B4AFF62431914B00652166 /* CharactersListCellViewModel.swift */,
				F5B4B000243196E400652166 /* CharactersDetailsViewModel.swift */,
			);
			path = ViewModels;
			sourceTree = "<group>";
		};
		F5B4AFFA2431961900652166 /* Models */ = {
			isa = PBXGroup;
			children = (
				F5B4AFEC2431796200652166 /* CharactersModel.swift */,
			);
			path = Models;
			sourceTree = "<group>";
		};
		F5B4AFFB2431962200652166 /* Views */ = {
			isa = PBXGroup;
			children = (
				F5B4AFEE24317EB300652166 /* CharactersListViewController.swift */,
				F5B4AFEF24317EB300652166 /* CharactersListViewController.xib */,
				F5B4AFF224318EE000652166 /* CharactersListTableViewCell.swift */,
				F5B4AFF324318EE000652166 /* CharactersListTableViewCell.xib */,
				F5B4AFFC2431965400652166 /* CharactersDetailsViewController.swift */,
				F5B4AFFD2431965400652166 /* CharactersDetailsViewController.xib */,
			);
			path = Views;
			sourceTree = "<group>";
		};
		F5E18809242803D800FDAAF8 /* Network */ = {
			isa = PBXGroup;
			children = (
				F5799E942415D6C800A07563 /* API.swift */,
			);
			path = Network;
			sourceTree = "<group>";
		};
		F5E1880B2428043E00FDAAF8 /* Supporting Files */ = {
			isa = PBXGroup;
			children = (
				F5799E5224158B8F00A07563 /* AppDelegate.swift */,
				F5799E5424158B8F00A07563 /* SceneDelegate.swift */,
				F5799E7A2415903600A07563 /* AppCoordinator.swift */,
				F5799E5B24158B9000A07563 /* Assets.xcassets */,
				F5799E5D24158B9000A07563 /* LaunchScreen.storyboard */,
				F5799E6024158B9000A07563 /* Info.plist */,
			);
			name = "Supporting Files";
			sourceTree = "<group>";
		};
/* End PBXGroup section */

/* Begin PBXNativeTarget section */
		F5799E4E24158B8F00A07563 /* MarvelFlutter */ = {
			isa = PBXNativeTarget;
			buildConfigurationList = F5799E6E24158B9000A07563 /* Build configuration list for PBXNativeTarget "MarvelFlutter" */;
			buildPhases = (
				F5799E4B24158B8F00A07563 /* Sources */,
				F5799E4C24158B8F00A07563 /* Frameworks */,
				F5799E4D24158B8F00A07563 /* Resources */,
				F5799E9724169D3300A07563 /* ShellScript */,
			);
			buildRules = (
			);
			dependencies = (
			);
			name = MarvelFlutter;
			productName = MarvelFlutter;
			productReference = F5799E4F24158B8F00A07563 /* MarvelFlutter.app */;
			productType = "com.apple.product-type.application";
		};
		F5799E6424158B9000A07563 /* MarvelFlutterTests */ = {
			isa = PBXNativeTarget;
			buildConfigurationList = F5799E7124158B9000A07563 /* Build configuration list for PBXNativeTarget "MarvelFlutterTests" */;
			buildPhases = (
				F5799E6124158B9000A07563 /* Sources */,
				F5799E6224158B9000A07563 /* Frameworks */,
				F5799E6324158B9000A07563 /* Resources */,
			);
			buildRules = (
			);
			dependencies = (
				F5799E6724158B9000A07563 /* PBXTargetDependency */,
			);
			name = MarvelFlutterTests;
			productName = MarvelFlutterTests;
			productReference = F5799E6524158B9000A07563 /* MarvelFlutterTests.xctest */;
			productType = "com.apple.product-type.bundle.unit-test";
		};
/* End PBXNativeTarget section */

/* Begin PBXProject section */
		F5799E4724158B8F00A07563 /* Project object */ = {
			isa = PBXProject;
			attributes = {
				LastSwiftUpdateCheck = 1130;
				LastUpgradeCheck = 1130;
				ORGANIZATIONNAME = "Pedro Felipe Coloma de Araujo";
				TargetAttributes = {
					F5799E4E24158B8F00A07563 = {
						CreatedOnToolsVersion = 11.3;
					};
					F5799E6424158B9000A07563 = {
						CreatedOnToolsVersion = 11.3;
						TestTargetID = F5799E4E24158B8F00A07563;
					};
				};
			};
			buildConfigurationList = F5799E4A24158B8F00A07563 /* Build configuration list for PBXProject "MarvelFlutter" */;
			compatibilityVersion = "Xcode 9.3";
			developmentRegion = en;
			hasScannedForEncodings = 0;
			knownRegions = (
				en,
				Base,
			);
			mainGroup = F5799E4624158B8F00A07563;
			productRefGroup = F5799E5024158B8F00A07563 /* Products */;
			projectDirPath = "";
			projectRoot = "";
			targets = (
				F5799E4E24158B8F00A07563 /* MarvelFlutter */,
				F5799E6424158B9000A07563 /* MarvelFlutterTests */,
			);
		};
/* End PBXProject section */

/* Begin PBXResourcesBuildPhase section */
		F5799E4D24158B8F00A07563 /* Resources */ = {
			isa = PBXResourcesBuildPhase;
			buildActionMask = 2147483647;
			files = (
				F5799E5F24158B9000A07563 /* LaunchScreen.storyboard in Resources */,
				F5B4B0092432257200652166 /* SettingsViewController.xib in Resources */,
				F5B4AFFF2431965400652166 /* CharactersDetailsViewController.xib in Resources */,
				F5799E5C24158B9000A07563 /* Assets.xcassets in Resources */,
				F5799E7F241591E800A07563 /* ComicsListViewController.xib in Resources */,
				F5799E932415A3C800A07563 /* ComicsDetailsViewController.xib in Resources */,
				F5B4AFF124317EB300652166 /* CharactersListViewController.xib in Resources */,
				F5B4AFD7242F873E00652166 /* ComicsDetailsTableViewCell.xib in Resources */,
				F5B4AFF524318EE000652166 /* CharactersListTableViewCell.xib in Resources */,
			);
			runOnlyForDeploymentPostprocessing = 0;
		};
		F5799E6324158B9000A07563 /* Resources */ = {
			isa = PBXResourcesBuildPhase;
			buildActionMask = 2147483647;
			files = (
			);
			runOnlyForDeploymentPostprocessing = 0;
		};
/* End PBXResourcesBuildPhase section */

/* Begin PBXShellScriptBuildPhase section */
		F5799E9724169D3300A07563 /* ShellScript */ = {
			isa = PBXShellScriptBuildPhase;
			buildActionMask = 8;
			files = (
			);
			inputFileListPaths = (
			);
			inputPaths = (
			);
			outputFileListPaths = (
			);
			outputPaths = (
			);
			runOnlyForDeploymentPostprocessing = 1;
			shellPath = /bin/sh;
			shellScript = "# Type a script or drag a script file from your workspace to insert its path.\nif which swiftlint >/dev/null; then\n  swiftlint\nelse\n  echo \"warning: SwiftLint not installed, download from https://github.com/realm/SwiftLint\"\nfi\n";
		};
/* End PBXShellScriptBuildPhase section */

/* Begin PBXSourcesBuildPhase section */
		F5799E4B24158B8F00A07563 /* Sources */ = {
			isa = PBXSourcesBuildPhase;
			buildActionMask = 2147483647;
			files = (
				F5799E952415D6C800A07563 /* API.swift in Sources */,
				F5D3D01A2426BE2B00AE0A34 /* ComicsDetailsViewModel.swift in Sources */,
				F5B4AFD3242D6D8000652166 /* UIViewController+Extensions.swift in Sources */,
				F5799E7E241591E800A07563 /* ComicsListViewController.swift in Sources */,
				F5B4AFE5243167B600652166 /* CharactersTabCoordinator.swift in Sources */,
				F5B4AFE724316FB400652166 /* SettingsTabCoordinator.swift in Sources */,
				F5799E5324158B8F00A07563 /* AppDelegate.swift in Sources */,
				F5B4AFFE2431965400652166 /* CharactersDetailsViewController.swift in Sources */,
				F5799E922415A3C800A07563 /* ComicsDetailsViewController.swift in Sources */,
				F5B4AFE32431678F00652166 /* ComicsTabCoordinator.swift in Sources */,
				F5B4AFF424318EE000652166 /* CharactersListTableViewCell.swift in Sources */,
				F5B4AFED2431796200652166 /* CharactersModel.swift in Sources */,
				F58ED92D2422D72E0012AEEF /* ComicsModel.swift in Sources */,
				F5B4B001243196E400652166 /* CharactersDetailsViewModel.swift in Sources */,
				F5B4AFF72431914B00652166 /* CharactersListCellViewModel.swift in Sources */,
				F5B4AFD6242F873E00652166 /* ComicsDetailsTableViewCell.swift in Sources */,
				F5799E7B2415903600A07563 /* AppCoordinator.swift in Sources */,
				F5799E8E24159F4B00A07563 /* ComicsListViewModel.swift in Sources */,
				F5B4AFD9242FCC8C00652166 /* ComicsDetailsTableViewCellViewModel.swift in Sources */,
				F5799E5524158B8F00A07563 /* SceneDelegate.swift in Sources */,
				F5799E9B2418578800A07563 /* CryptoHelper.swift in Sources */,
				F5B4AFEB2431793500652166 /* CharactersListViewModel.swift in Sources */,
				F5B4AFF024317EB300652166 /* CharactersListViewController.swift in Sources */,
				F5B4B0082432257200652166 /* SettingsViewController.swift in Sources */,
			);
			runOnlyForDeploymentPostprocessing = 0;
		};
		F5799E6124158B9000A07563 /* Sources */ = {
			isa = PBXSourcesBuildPhase;
			buildActionMask = 2147483647;
			files = (
				F5799E6A24158B9000A07563 /* MarvelFlutterTests.swift in Sources */,
			);
			runOnlyForDeploymentPostprocessing = 0;
		};
/* End PBXSourcesBuildPhase section */

/* Begin PBXTargetDependency section */
		F5799E6724158B9000A07563 /* PBXTargetDependency */ = {
			isa = PBXTargetDependency;
			target = F5799E4E24158B8F00A07563 /* MarvelFlutter */;
			targetProxy = F5799E6624158B9000A07563 /* PBXContainerItemProxy */;
		};
/* End PBXTargetDependency section */

/* Begin PBXVariantGroup section */
		F5799E5D24158B9000A07563 /* LaunchScreen.storyboard */ = {
			isa = PBXVariantGroup;
			children = (
				F5799E5E24158B9000A07563 /* Base */,
			);
			name = LaunchScreen.storyboard;
			sourceTree = "<group>";
		};
/* End PBXVariantGroup section */

/* Begin XCBuildConfiguration section */
		F5799E6C24158B9000A07563 /* Debug */ = {
			isa = XCBuildConfiguration;
			buildSettings = {
				ALWAYS_SEARCH_USER_PATHS = NO;
				CLANG_ANALYZER_NONNULL = YES;
				CLANG_ANALYZER_NUMBER_OBJECT_CONVERSION = YES_AGGRESSIVE;
				CLANG_CXX_LANGUAGE_STANDARD = "gnu++14";
				CLANG_CXX_LIBRARY = "libc++";
				CLANG_ENABLE_MODULES = YES;
				CLANG_ENABLE_OBJC_ARC = YES;
				CLANG_ENABLE_OBJC_WEAK = YES;
				CLANG_WARN_BLOCK_CAPTURE_AUTORELEASING = YES;
				CLANG_WARN_BOOL_CONVERSION = YES;
				CLANG_WARN_COMMA = YES;
				CLANG_WARN_CONSTANT_CONVERSION = YES;
				CLANG_WARN_DEPRECATED_OBJC_IMPLEMENTATIONS = YES;
				CLANG_WARN_DIRECT_OBJC_ISA_USAGE = YES_ERROR;
				CLANG_WARN_DOCUMENTATION_COMMENTS = YES;
				CLANG_WARN_EMPTY_BODY = YES;
				CLANG_WARN_ENUM_CONVERSION = YES;
				CLANG_WARN_INFINITE_RECURSION = YES;
				CLANG_WARN_INT_CONVERSION = YES;
				CLANG_WARN_NON_LITERAL_NULL_CONVERSION = YES;
				CLANG_WARN_OBJC_IMPLICIT_RETAIN_SELF = YES;
				CLANG_WARN_OBJC_LITERAL_CONVERSION = YES;
				CLANG_WARN_OBJC_ROOT_CLASS = YES_ERROR;
				CLANG_WARN_RANGE_LOOP_ANALYSIS = YES;
				CLANG_WARN_STRICT_PROTOTYPES = YES;
				CLANG_WARN_SUSPICIOUS_MOVE = YES;
				CLANG_WARN_UNGUARDED_AVAILABILITY = YES_AGGRESSIVE;
				CLANG_WARN_UNREACHABLE_CODE = YES;
				CLANG_WARN__DUPLICATE_METHOD_MATCH = YES;
				COPY_PHASE_STRIP = NO;
				DEBUG_INFORMATION_FORMAT = dwarf;
				ENABLE_STRICT_OBJC_MSGSEND = YES;
				ENABLE_TESTABILITY = YES;
				GCC_C_LANGUAGE_STANDARD = gnu11;
				GCC_DYNAMIC_NO_PIC = NO;
				GCC_NO_COMMON_BLOCKS = YES;
				GCC_OPTIMIZATION_LEVEL = 0;
				GCC_PREPROCESSOR_DEFINITIONS = (
					"DEBUG=1",
					"$(inherited)",
				);
				GCC_WARN_64_TO_32_BIT_CONVERSION = YES;
				GCC_WARN_ABOUT_RETURN_TYPE = YES_ERROR;
				GCC_WARN_UNDECLARED_SELECTOR = YES;
				GCC_WARN_UNINITIALIZED_AUTOS = YES_AGGRESSIVE;
				GCC_WARN_UNUSED_FUNCTION = YES;
				GCC_WARN_UNUSED_VARIABLE = YES;
				IPHONEOS_DEPLOYMENT_TARGET = 13.2;
				MTL_ENABLE_DEBUG_INFO = INCLUDE_SOURCE;
				MTL_FAST_MATH = YES;
				ONLY_ACTIVE_ARCH = YES;
				SDKROOT = iphoneos;
				SWIFT_ACTIVE_COMPILATION_CONDITIONS = DEBUG;
				SWIFT_OPTIMIZATION_LEVEL = "-Onone";
			};
			name = Debug;
		};
		F5799E6D24158B9000A07563 /* Release */ = {
			isa = XCBuildConfiguration;
			buildSettings = {
				ALWAYS_SEARCH_USER_PATHS = NO;
				CLANG_ANALYZER_NONNULL = YES;
				CLANG_ANALYZER_NUMBER_OBJECT_CONVERSION = YES_AGGRESSIVE;
				CLANG_CXX_LANGUAGE_STANDARD = "gnu++14";
				CLANG_CXX_LIBRARY = "libc++";
				CLANG_ENABLE_MODULES = YES;
				CLANG_ENABLE_OBJC_ARC = YES;
				CLANG_ENABLE_OBJC_WEAK = YES;
				CLANG_WARN_BLOCK_CAPTURE_AUTORELEASING = YES;
				CLANG_WARN_BOOL_CONVERSION = YES;
				CLANG_WARN_COMMA = YES;
				CLANG_WARN_CONSTANT_CONVERSION = YES;
				CLANG_WARN_DEPRECATED_OBJC_IMPLEMENTATIONS = YES;
				CLANG_WARN_DIRECT_OBJC_ISA_USAGE = YES_ERROR;
				CLANG_WARN_DOCUMENTATION_COMMENTS = YES;
				CLANG_WARN_EMPTY_BODY = YES;
				CLANG_WARN_ENUM_CONVERSION = YES;
				CLANG_WARN_INFINITE_RECURSION = YES;
				CLANG_WARN_INT_CONVERSION = YES;
				CLANG_WARN_NON_LITERAL_NULL_CONVERSION = YES;
				CLANG_WARN_OBJC_IMPLICIT_RETAIN_SELF = YES;
				CLANG_WARN_OBJC_LITERAL_CONVERSION = YES;
				CLANG_WARN_OBJC_ROOT_CLASS = YES_ERROR;
				CLANG_WARN_RANGE_LOOP_ANALYSIS = YES;
				CLANG_WARN_STRICT_PROTOTYPES = YES;
				CLANG_WARN_SUSPICIOUS_MOVE = YES;
				CLANG_WARN_UNGUARDED_AVAILABILITY = YES_AGGRESSIVE;
				CLANG_WARN_UNREACHABLE_CODE = YES;
				CLANG_WARN__DUPLICATE_METHOD_MATCH = YES;
				COPY_PHASE_STRIP = NO;
				DEBUG_INFORMATION_FORMAT = "dwarf-with-dsym";
				ENABLE_NS_ASSERTIONS = NO;
				ENABLE_STRICT_OBJC_MSGSEND = YES;
				GCC_C_LANGUAGE_STANDARD = gnu11;
				GCC_NO_COMMON_BLOCKS = YES;
				GCC_WARN_64_TO_32_BIT_CONVERSION = YES;
				GCC_WARN_ABOUT_RETURN_TYPE = YES_ERROR;
				GCC_WARN_UNDECLARED_SELECTOR = YES;
				GCC_WARN_UNINITIALIZED_AUTOS = YES_AGGRESSIVE;
				GCC_WARN_UNUSED_FUNCTION = YES;
				GCC_WARN_UNUSED_VARIABLE = YES;
				IPHONEOS_DEPLOYMENT_TARGET = 13.2;
				MTL_ENABLE_DEBUG_INFO = NO;
				MTL_FAST_MATH = YES;
				SDKROOT = iphoneos;
				SWIFT_COMPILATION_MODE = wholemodule;
				SWIFT_OPTIMIZATION_LEVEL = "-O";
				VALIDATE_PRODUCT = YES;
			};
			name = Release;
		};
		F5799E6F24158B9000A07563 /* Debug */ = {
			isa = XCBuildConfiguration;
			buildSettings = {
				ASSETCATALOG_COMPILER_APPICON_NAME = AppIcon;
				CODE_SIGN_STYLE = Automatic;
				INFOPLIST_FILE = MarvelFlutter/Info.plist;
				LD_RUNPATH_SEARCH_PATHS = (
					"$(inherited)",
					"@executable_path/Frameworks",
				);
				PRODUCT_BUNDLE_IDENTIFIER = pedrocoloma.com.MarvelFlutter;
				PRODUCT_NAME = "$(TARGET_NAME)";
				SWIFT_VERSION = 5.0;
				TARGETED_DEVICE_FAMILY = "1,2";
			};
			name = Debug;
		};
		F5799E7024158B9000A07563 /* Release */ = {
			isa = XCBuildConfiguration;
			buildSettings = {
				ASSETCATALOG_COMPILER_APPICON_NAME = AppIcon;
				CODE_SIGN_STYLE = Automatic;
				INFOPLIST_FILE = MarvelFlutter/Info.plist;
				LD_RUNPATH_SEARCH_PATHS = (
					"$(inherited)",
					"@executable_path/Frameworks",
				);
				PRODUCT_BUNDLE_IDENTIFIER = pedrocoloma.com.MarvelFlutter;
				PRODUCT_NAME = "$(TARGET_NAME)";
				SWIFT_VERSION = 5.0;
				TARGETED_DEVICE_FAMILY = "1,2";
			};
			name = Release;
		};
		F5799E7224158B9000A07563 /* Debug */ = {
			isa = XCBuildConfiguration;
			buildSettings = {
				ALWAYS_EMBED_SWIFT_STANDARD_LIBRARIES = YES;
				BUNDLE_LOADER = "$(TEST_HOST)";
				CODE_SIGN_STYLE = Automatic;
				INFOPLIST_FILE = MarvelFlutterTests/Info.plist;
				IPHONEOS_DEPLOYMENT_TARGET = 13.2;
				LD_RUNPATH_SEARCH_PATHS = (
					"$(inherited)",
					"@executable_path/Frameworks",
					"@loader_path/Frameworks",
				);
				PRODUCT_BUNDLE_IDENTIFIER = pedrocoloma.com.MarvelFlutterTests;
				PRODUCT_NAME = "$(TARGET_NAME)";
				SWIFT_VERSION = 5.0;
				TARGETED_DEVICE_FAMILY = "1,2";
				TEST_HOST = "$(BUILT_PRODUCTS_DIR)/MarvelFlutter.app/MarvelFlutter";
			};
			name = Debug;
		};
		F5799E7324158B9000A07563 /* Release */ = {
			isa = XCBuildConfiguration;
			buildSettings = {
				ALWAYS_EMBED_SWIFT_STANDARD_LIBRARIES = YES;
				BUNDLE_LOADER = "$(TEST_HOST)";
				CODE_SIGN_STYLE = Automatic;
				INFOPLIST_FILE = MarvelFlutterTests/Info.plist;
				IPHONEOS_DEPLOYMENT_TARGET = 13.2;
				LD_RUNPATH_SEARCH_PATHS = (
					"$(inherited)",
					"@executable_path/Frameworks",
					"@loader_path/Frameworks",
				);
				PRODUCT_BUNDLE_IDENTIFIER = pedrocoloma.com.MarvelFlutterTests;
				PRODUCT_NAME = "$(TARGET_NAME)";
				SWIFT_VERSION = 5.0;
				TARGETED_DEVICE_FAMILY = "1,2";
				TEST_HOST = "$(BUILT_PRODUCTS_DIR)/MarvelFlutter.app/MarvelFlutter";
			};
			name = Release;
		};
/* End XCBuildConfiguration section */

/* Begin XCConfigurationList section */
		F5799E4A24158B8F00A07563 /* Build configuration list for PBXProject "MarvelFlutter" */ = {
			isa = XCConfigurationList;
			buildConfigurations = (
				F5799E6C24158B9000A07563 /* Debug */,
				F5799E6D24158B9000A07563 /* Release */,
			);
			defaultConfigurationIsVisible = 0;
			defaultConfigurationName = Release;
		};
		F5799E6E24158B9000A07563 /* Build configuration list for PBXNativeTarget "MarvelFlutter" */ = {
			isa = XCConfigurationList;
			buildConfigurations = (
				F5799E6F24158B9000A07563 /* Debug */,
				F5799E7024158B9000A07563 /* Release */,
			);
			defaultConfigurationIsVisible = 0;
			defaultConfigurationName = Release;
		};
		F5799E7124158B9000A07563 /* Build configuration list for PBXNativeTarget "MarvelFlutterTests" */ = {
			isa = XCConfigurationList;
			buildConfigurations = (
				F5799E7224158B9000A07563 /* Debug */,
				F5799E7324158B9000A07563 /* Release */,
			);
			defaultConfigurationIsVisible = 0;
			defaultConfigurationName = Release;
		};
/* End XCConfigurationList section */
	};
	rootObject = F5799E4724158B8F00A07563 /* Project object */;
}
